
Microsoft Visual Studio Solution File, Format Version 12.00
# Visual Studio Version 17
VisualStudioVersion = 17.7.34009.444
MinimumVisualStudioVersion = 10.0.40219.1
Project("{FAE04EC0-301F-11D3-BF4B-00C04F79EFBC}") = "NppDB.Plugin", "NppDB.Plugin\NppDB.Plugin.csproj", "{40C4692C-470F-4762-BEF6-29C1DA4AA2B8}"
EndProject
Project("{8BC9CEB8-8B4A-11D0-8D11-00A0C91BC942}") = "NppDB", "NppDB\NppDB.vcxproj", "{51B8A410-163F-4E3B-9700-B2D409ABA288}"
	ProjectSection(ProjectDependencies) = postProject
		{40C4692C-470F-4762-BEF6-29C1DA4AA2B8} = {40C4692C-470F-4762-BEF6-29C1DA4AA2B8}
		{1076DF45-B027-435B-B7EC-45637FFEF66C} = {1076DF45-B027-435B-B7EC-45637FFEF66C}
		{61BB668A-81C0-444D-8179-BB66CA022C14} = {61BB668A-81C0-444D-8179-BB66CA022C14}
	EndProjectSection
EndProject
Project("{FAE04EC0-301F-11D3-BF4B-00C04F79EFBC}") = "NppDB.Core", "NppDB.Core\NppDB.Core.csproj", "{1076DF45-B027-435B-B7EC-45637FFEF66C}"
EndProject
Project("{FAE04EC0-301F-11D3-BF4B-00C04F79EFBC}") = "NppDB.Comm", "NppDB.Comm\NppDB.Comm.csproj", "{61BB668A-81C0-444D-8179-BB66CA022C14}"
EndProject
Project("{FAE04EC0-301F-11D3-BF4B-00C04F79EFBC}") = "NppDB.MSAccess", "NppDB.MSAccess\NppDB.MSAccess.csproj", "{90A00B09-4F04-4F10-AA47-333C633FCD4B}"
EndProject
Project("{FAE04EC0-301F-11D3-BF4B-00C04F79EFBC}") = "NppDB.PostgreSQL", "NppDB.PostgreSQL\NppDB.PostgreSQL.csproj", "{54BF6D02-BEF9-4C4F-B439-EB3BB87566AF}"
EndProject
Global
	GlobalSection(SolutionConfigurationPlatforms) = preSolution
		Debug|Any CPU = Debug|Any CPU
		Debug|Mixed Platforms = Debug|Mixed Platforms
		Debug|Win32 = Debug|Win32
		Debug|x64 = Debug|x64
		Debug|x86 = Debug|x86
		Release|Any CPU = Release|Any CPU
		Release|Mixed Platforms = Release|Mixed Platforms
		Release|Win32 = Release|Win32
		Release|x64 = Release|x64
		Release|x86 = Release|x86
	EndGlobalSection
	GlobalSection(ProjectConfigurationPlatforms) = postSolution
		{40C4692C-470F-4762-BEF6-29C1DA4AA2B8}.Debug|Any CPU.ActiveCfg = Debug|Any CPU
		{40C4692C-470F-4762-BEF6-29C1DA4AA2B8}.Debug|Any CPU.Build.0 = Debug|Any CPU
		{40C4692C-470F-4762-BEF6-29C1DA4AA2B8}.Debug|Mixed Platforms.ActiveCfg = Debug|x86
		{40C4692C-470F-4762-BEF6-29C1DA4AA2B8}.Debug|Mixed Platforms.Build.0 = Debug|x86
		{40C4692C-470F-4762-BEF6-29C1DA4AA2B8}.Debug|Win32.ActiveCfg = Debug|Any CPU
		{40C4692C-470F-4762-BEF6-29C1DA4AA2B8}.Debug|x64.ActiveCfg = Debug|x64
		{40C4692C-470F-4762-BEF6-29C1DA4AA2B8}.Debug|x64.Build.0 = Debug|x64
		{40C4692C-470F-4762-BEF6-29C1DA4AA2B8}.Debug|x86.ActiveCfg = Debug|Any CPU
		{40C4692C-470F-4762-BEF6-29C1DA4AA2B8}.Release|Any CPU.ActiveCfg = Release|Any CPU
		{40C4692C-470F-4762-BEF6-29C1DA4AA2B8}.Release|Any CPU.Build.0 = Release|Any CPU
		{40C4692C-470F-4762-BEF6-29C1DA4AA2B8}.Release|Mixed Platforms.ActiveCfg = Release|x86
		{40C4692C-470F-4762-BEF6-29C1DA4AA2B8}.Release|Mixed Platforms.Build.0 = Release|x86
		{40C4692C-470F-4762-BEF6-29C1DA4AA2B8}.Release|Win32.ActiveCfg = Release|Any CPU
		{40C4692C-470F-4762-BEF6-29C1DA4AA2B8}.Release|x64.ActiveCfg = Release|x64
		{40C4692C-470F-4762-BEF6-29C1DA4AA2B8}.Release|x64.Build.0 = Release|x64
		{40C4692C-470F-4762-BEF6-29C1DA4AA2B8}.Release|x86.ActiveCfg = Release|Any CPU
		{51B8A410-163F-4E3B-9700-B2D409ABA288}.Debug|Any CPU.ActiveCfg = Debug|Win32
		{51B8A410-163F-4E3B-9700-B2D409ABA288}.Debug|Mixed Platforms.ActiveCfg = Debug|Win32
		{51B8A410-163F-4E3B-9700-B2D409ABA288}.Debug|Mixed Platforms.Build.0 = Debug|Win32
		{51B8A410-163F-4E3B-9700-B2D409ABA288}.Debug|Win32.ActiveCfg = Debug|Win32
		{51B8A410-163F-4E3B-9700-B2D409ABA288}.Debug|Win32.Build.0 = Debug|Win32
		{51B8A410-163F-4E3B-9700-B2D409ABA288}.Debug|x64.ActiveCfg = Debug|Win32
		{51B8A410-163F-4E3B-9700-B2D409ABA288}.Debug|x86.ActiveCfg = Debug|Win32
		{51B8A410-163F-4E3B-9700-B2D409ABA288}.Release|Any CPU.ActiveCfg = Release|Win32
		{51B8A410-163F-4E3B-9700-B2D409ABA288}.Release|Mixed Platforms.ActiveCfg = Release|Win32
		{51B8A410-163F-4E3B-9700-B2D409ABA288}.Release|Mixed Platforms.Build.0 = Release|Win32
		{51B8A410-163F-4E3B-9700-B2D409ABA288}.Release|Win32.ActiveCfg = Release|Win32
		{51B8A410-163F-4E3B-9700-B2D409ABA288}.Release|Win32.Build.0 = Release|Win32
		{51B8A410-163F-4E3B-9700-B2D409ABA288}.Release|x64.ActiveCfg = Release|Win32
		{51B8A410-163F-4E3B-9700-B2D409ABA288}.Release|x86.ActiveCfg = Release|Win32
		{1076DF45-B027-435B-B7EC-45637FFEF66C}.Debug|Any CPU.ActiveCfg = Debug|x64
		{1076DF45-B027-435B-B7EC-45637FFEF66C}.Debug|Any CPU.Build.0 = Debug|x64
		{1076DF45-B027-435B-B7EC-45637FFEF66C}.Debug|Mixed Platforms.ActiveCfg = Debug|x86
		{1076DF45-B027-435B-B7EC-45637FFEF66C}.Debug|Mixed Platforms.Build.0 = Debug|x86
		{1076DF45-B027-435B-B7EC-45637FFEF66C}.Debug|Win32.ActiveCfg = Debug|x86
		{1076DF45-B027-435B-B7EC-45637FFEF66C}.Debug|x64.ActiveCfg = Debug|x64
		{1076DF45-B027-435B-B7EC-45637FFEF66C}.Debug|x64.Build.0 = Debug|x64
		{1076DF45-B027-435B-B7EC-45637FFEF66C}.Debug|x86.ActiveCfg = Debug|x86
		{1076DF45-B027-435B-B7EC-45637FFEF66C}.Debug|x86.Build.0 = Debug|x86
		{1076DF45-B027-435B-B7EC-45637FFEF66C}.Release|Any CPU.ActiveCfg = Release|x64
		{1076DF45-B027-435B-B7EC-45637FFEF66C}.Release|Any CPU.Build.0 = Release|x64
		{1076DF45-B027-435B-B7EC-45637FFEF66C}.Release|Mixed Platforms.ActiveCfg = Release|x86
		{1076DF45-B027-435B-B7EC-45637FFEF66C}.Release|Mixed Platforms.Build.0 = Release|x86
		{1076DF45-B027-435B-B7EC-45637FFEF66C}.Release|Win32.ActiveCfg = Release|x86
		{1076DF45-B027-435B-B7EC-45637FFEF66C}.Release|x64.ActiveCfg = Release|x64
		{1076DF45-B027-435B-B7EC-45637FFEF66C}.Release|x64.Build.0 = Release|x64
		{1076DF45-B027-435B-B7EC-45637FFEF66C}.Release|x86.ActiveCfg = Release|x86
		{1076DF45-B027-435B-B7EC-45637FFEF66C}.Release|x86.Build.0 = Release|x86
		{61BB668A-81C0-444D-8179-BB66CA022C14}.Debug|Any CPU.ActiveCfg = Debug|Any CPU
		{61BB668A-81C0-444D-8179-BB66CA022C14}.Debug|Any CPU.Build.0 = Debug|Any CPU
		{61BB668A-81C0-444D-8179-BB66CA022C14}.Debug|Mixed Platforms.ActiveCfg = Debug|x86
		{61BB668A-81C0-444D-8179-BB66CA022C14}.Debug|Mixed Platforms.Build.0 = Debug|x86
		{61BB668A-81C0-444D-8179-BB66CA022C14}.Debug|Win32.ActiveCfg = Debug|Any CPU
		{61BB668A-81C0-444D-8179-BB66CA022C14}.Debug|x64.ActiveCfg = Debug|x64
		{61BB668A-81C0-444D-8179-BB66CA022C14}.Debug|x64.Build.0 = Debug|x64
		{61BB668A-81C0-444D-8179-BB66CA022C14}.Debug|x86.ActiveCfg = Debug|Any CPU
		{61BB668A-81C0-444D-8179-BB66CA022C14}.Release|Any CPU.ActiveCfg = Release|Any CPU
		{61BB668A-81C0-444D-8179-BB66CA022C14}.Release|Any CPU.Build.0 = Release|Any CPU
		{61BB668A-81C0-444D-8179-BB66CA022C14}.Release|Mixed Platforms.ActiveCfg = Release|x86
		{61BB668A-81C0-444D-8179-BB66CA022C14}.Release|Mixed Platforms.Build.0 = Release|x86
		{61BB668A-81C0-444D-8179-BB66CA022C14}.Release|Win32.ActiveCfg = Release|Any CPU
		{61BB668A-81C0-444D-8179-BB66CA022C14}.Release|x64.ActiveCfg = Release|x64
		{61BB668A-81C0-444D-8179-BB66CA022C14}.Release|x64.Build.0 = Release|x64
		{61BB668A-81C0-444D-8179-BB66CA022C14}.Release|x86.ActiveCfg = Release|Any CPU
		{90A00B09-4F04-4F10-AA47-333C633FCD4B}.Debug|Any CPU.ActiveCfg = Debug|Any CPU
		{90A00B09-4F04-4F10-AA47-333C633FCD4B}.Debug|Any CPU.Build.0 = Debug|Any CPU
		{90A00B09-4F04-4F10-AA47-333C633FCD4B}.Debug|Mixed Platforms.ActiveCfg = Debug|x64
		{90A00B09-4F04-4F10-AA47-333C633FCD4B}.Debug|Mixed Platforms.Build.0 = Debug|x64
		{90A00B09-4F04-4F10-AA47-333C633FCD4B}.Debug|Win32.ActiveCfg = Debug|x86
		{90A00B09-4F04-4F10-AA47-333C633FCD4B}.Debug|Win32.Build.0 = Debug|x86
		{90A00B09-4F04-4F10-AA47-333C633FCD4B}.Debug|x64.ActiveCfg = Debug|x64
		{90A00B09-4F04-4F10-AA47-333C633FCD4B}.Debug|x64.Build.0 = Debug|x64
		{90A00B09-4F04-4F10-AA47-333C633FCD4B}.Debug|x86.ActiveCfg = Debug|x86
		{90A00B09-4F04-4F10-AA47-333C633FCD4B}.Debug|x86.Build.0 = Debug|x86
		{90A00B09-4F04-4F10-AA47-333C633FCD4B}.Release|Any CPU.ActiveCfg = Release|Any CPU
		{90A00B09-4F04-4F10-AA47-333C633FCD4B}.Release|Any CPU.Build.0 = Release|Any CPU
		{90A00B09-4F04-4F10-AA47-333C633FCD4B}.Release|Mixed Platforms.ActiveCfg = Release|x64
		{90A00B09-4F04-4F10-AA47-333C633FCD4B}.Release|Mixed Platforms.Build.0 = Release|x64
		{90A00B09-4F04-4F10-AA47-333C633FCD4B}.Release|Win32.ActiveCfg = Release|x86
		{90A00B09-4F04-4F10-AA47-333C633FCD4B}.Release|Win32.Build.0 = Release|x86
		{90A00B09-4F04-4F10-AA47-333C633FCD4B}.Release|x64.ActiveCfg = Release|x64
		{90A00B09-4F04-4F10-AA47-333C633FCD4B}.Release|x64.Build.0 = Release|x64
		{90A00B09-4F04-4F10-AA47-333C633FCD4B}.Release|x86.ActiveCfg = Release|x86
		{90A00B09-4F04-4F10-AA47-333C633FCD4B}.Release|x86.Build.0 = Release|x86
		{54BF6D02-BEF9-4C4F-B439-EB3BB87566AF}.Debug|Any CPU.ActiveCfg = Debug|Any CPU
		{54BF6D02-BEF9-4C4F-B439-EB3BB87566AF}.Debug|Any CPU.Build.0 = Debug|Any CPU
		{54BF6D02-BEF9-4C4F-B439-EB3BB87566AF}.Debug|Mixed Platforms.ActiveCfg = Debug|Any CPU
		{54BF6D02-BEF9-4C4F-B439-EB3BB87566AF}.Debug|Mixed Platforms.Build.0 = Debug|Any CPU
		{54BF6D02-BEF9-4C4F-B439-EB3BB87566AF}.Debug|Win32.ActiveCfg = Debug|Any CPU
		{54BF6D02-BEF9-4C4F-B439-EB3BB87566AF}.Debug|Win32.Build.0 = Debug|Any CPU
		{54BF6D02-BEF9-4C4F-B439-EB3BB87566AF}.Debug|x64.ActiveCfg = Debug|x64
		{54BF6D02-BEF9-4C4F-B439-EB3BB87566AF}.Debug|x64.Build.0 = Debug|x64
		{54BF6D02-BEF9-4C4F-B439-EB3BB87566AF}.Debug|x86.ActiveCfg = Debug|Any CPU
		{54BF6D02-BEF9-4C4F-B439-EB3BB87566AF}.Debug|x86.Build.0 = Debug|Any CPU
		{54BF6D02-BEF9-4C4F-B439-EB3BB87566AF}.Release|Any CPU.ActiveCfg = Release|Any CPU
		{54BF6D02-BEF9-4C4F-B439-EB3BB87566AF}.Release|Any CPU.Build.0 = Release|Any CPU
		{54BF6D02-BEF9-4C4F-B439-EB3BB87566AF}.Release|Mixed Platforms.ActiveCfg = Release|Any CPU
		{54BF6D02-BEF9-4C4F-B439-EB3BB87566AF}.Release|Mixed Platforms.Build.0 = Release|Any CPU
		{54BF6D02-BEF9-4C4F-B439-EB3BB87566AF}.Release|Win32.ActiveCfg = Release|Any CPU
		{54BF6D02-BEF9-4C4F-B439-EB3BB87566AF}.Release|Win32.Build.0 = Release|Any CPU
		{54BF6D02-BEF9-4C4F-B439-EB3BB87566AF}.Release|x64.ActiveCfg = Release|Any CPU
		{54BF6D02-BEF9-4C4F-B439-EB3BB87566AF}.Release|x64.Build.0 = Release|Any CPU
		{54BF6D02-BEF9-4C4F-B439-EB3BB87566AF}.Release|x86.ActiveCfg = Release|Any CPU
		{54BF6D02-BEF9-4C4F-B439-EB3BB87566AF}.Release|x86.Build.0 = Release|Any CPU
	EndGlobalSection
	GlobalSection(SolutionProperties) = preSolution
		HideSolutionNode = FALSE
	EndGlobalSection
	GlobalSection(ExtensibilityGlobals) = postSolution
		SolutionGuid = {50693E30-1EAD-4924-9BF7-80B1A9D7EE63}
	EndGlobalSection
EndGlobal
